
Microsoft Visual Studio Solution File, Format Version 12.00
# Visual Studio 15
VisualStudioVersion = 15.0.28307.1169
MinimumVisualStudioVersion = 10.0.40219.1
Project("{8BC9CEB8-8B4A-11D0-8D11-00A0C91BC942}") = "2048", "2048\2048.vcxproj", "{ECCE5C74-5524-487C-BECD-BC2AABB0D3DB}"
EndProject
Global
	GlobalSection(SolutionConfigurationPlatforms) = preSolution
		Debug|x64 = Debug|x64
		Debug|x86 = Debug|x86
		Release|x64 = Release|x64
		Release|x86 = Release|x86
	EndGlobalSection
	GlobalSection(ProjectConfigurationPlatforms) = postSolution
		{ECCE5C74-5524-487C-BECD-BC2AABB0D3DB}.Debug|x64.ActiveCfg = Debug|x64
		{ECCE5C74-5524-487C-BECD-BC2AABB0D3DB}.Debug|x64.Build.0 = Debug|x64
		{ECCE5C74-5524-487C-BECD-BC2AABB0D3DB}.Debug|x86.ActiveCfg = Debug|Win32
		{ECCE5C74-5524-487C-BECD-BC2AABB0D3DB}.Debug|x86.Build.0 = Debug|Win32
		{ECCE5C74-5524-487C-BECD-BC2AABB0D3DB}.Release|x64.ActiveCfg = Release|x64
		{ECCE5C74-5524-487C-BECD-BC2AABB0D3DB}.Release|x64.Build.0 = Release|x64
		{ECCE5C74-5524-487C-BECD-BC2AABB0D3DB}.Release|x86.ActiveCfg = Release|Win32
		{ECCE5C74-5524-487C-BECD-BC2AABB0D3DB}.Release|x86.Build.0 = Release|Win32
	EndGlobalSection
	GlobalSection(SolutionProperties) = preSolution
		HideSolutionNode = FALSE
	EndGlobalSection
	GlobalSection(ExtensibilityGlobals) = postSolution
		SolutionGuid = {CA2659AC-2DD4-4EF5-82DC-27BC7C115775}
	EndGlobalSection
EndGlobal
